
Microsoft Visual Studio Solution File, Format Version 12.00
# Visual Studio Version 17
VisualStudioVersion = 17.2.32630.192
MinimumVisualStudioVersion = 10.0.40219.1
Project("{8BC9CEB8-8B4A-11D0-8D11-00A0C91BC942}") = "Baekjoon2579", "Baekjoon2579\Baekjoon2579.vcxproj", "{2786C3CE-D596-4CDE-ABE6-FC4D27CA968E}"
EndProject
Global
	GlobalSection(SolutionConfigurationPlatforms) = preSolution
		Debug|x64 = Debug|x64
		Debug|x86 = Debug|x86
		Release|x64 = Release|x64
		Release|x86 = Release|x86
	EndGlobalSection
	GlobalSection(ProjectConfigurationPlatforms) = postSolution
		{2786C3CE-D596-4CDE-ABE6-FC4D27CA968E}.Debug|x64.ActiveCfg = Debug|x64
		{2786C3CE-D596-4CDE-ABE6-FC4D27CA968E}.Debug|x64.Build.0 = Debug|x64
		{2786C3CE-D596-4CDE-ABE6-FC4D27CA968E}.Debug|x86.ActiveCfg = Debug|Win32
		{2786C3CE-D596-4CDE-ABE6-FC4D27CA968E}.Debug|x86.Build.0 = Debug|Win32
		{2786C3CE-D596-4CDE-ABE6-FC4D27CA968E}.Release|x64.ActiveCfg = Release|x64
		{2786C3CE-D596-4CDE-ABE6-FC4D27CA968E}.Release|x64.Build.0 = Release|x64
		{2786C3CE-D596-4CDE-ABE6-FC4D27CA968E}.Release|x86.ActiveCfg = Release|Win32
		{2786C3CE-D596-4CDE-ABE6-FC4D27CA968E}.Release|x86.Build.0 = Release|Win32
	EndGlobalSection
	GlobalSection(SolutionProperties) = preSolution
		HideSolutionNode = FALSE
	EndGlobalSection
	GlobalSection(ExtensibilityGlobals) = postSolution
		SolutionGuid = {2D7576F1-1867-4CE0-9D7A-75B18A68A1C2}
	EndGlobalSection
EndGlobal
