
Microsoft Visual Studio Solution File, Format Version 12.00
# Visual Studio Version 17
VisualStudioVersion = 17.2.32630.192
MinimumVisualStudioVersion = 10.0.40219.1
Project("{FAE04EC0-301F-11D3-BF4B-00C04F79EFBC}") = "Baekjoon1764", "Baekjoon1764\Baekjoon1764.csproj", "{47F5B7EC-6F19-4C0E-9E4C-56D2CF7A1C6D}"
EndProject
Global
	GlobalSection(SolutionConfigurationPlatforms) = preSolution
		Debug|Any CPU = Debug|Any CPU
		Release|Any CPU = Release|Any CPU
	EndGlobalSection
	GlobalSection(ProjectConfigurationPlatforms) = postSolution
		{47F5B7EC-6F19-4C0E-9E4C-56D2CF7A1C6D}.Debug|Any CPU.ActiveCfg = Debug|Any CPU
		{47F5B7EC-6F19-4C0E-9E4C-56D2CF7A1C6D}.Debug|Any CPU.Build.0 = Debug|Any CPU
		{47F5B7EC-6F19-4C0E-9E4C-56D2CF7A1C6D}.Release|Any CPU.ActiveCfg = Release|Any CPU
		{47F5B7EC-6F19-4C0E-9E4C-56D2CF7A1C6D}.Release|Any CPU.Build.0 = Release|Any CPU
	EndGlobalSection
	GlobalSection(SolutionProperties) = preSolution
		HideSolutionNode = FALSE
	EndGlobalSection
	GlobalSection(ExtensibilityGlobals) = postSolution
		SolutionGuid = {015B705D-A93F-4770-88AD-DFBDF3F06676}
	EndGlobalSection
EndGlobal
