
Microsoft Visual Studio Solution File, Format Version 12.00
# Visual Studio Version 17
VisualStudioVersion = 17.2.32630.192
MinimumVisualStudioVersion = 10.0.40219.1
Project("{8BC9CEB8-8B4A-11D0-8D11-00A0C91BC942}") = "Baekjoon11401", "Baekjoon11401\Baekjoon11401.vcxproj", "{9EE818A3-0591-44C8-8ACA-77CBB6F9FDB8}"
EndProject
Global
	GlobalSection(SolutionConfigurationPlatforms) = preSolution
		Debug|x64 = Debug|x64
		Debug|x86 = Debug|x86
		Release|x64 = Release|x64
		Release|x86 = Release|x86
	EndGlobalSection
	GlobalSection(ProjectConfigurationPlatforms) = postSolution
		{9EE818A3-0591-44C8-8ACA-77CBB6F9FDB8}.Debug|x64.ActiveCfg = Debug|x64
		{9EE818A3-0591-44C8-8ACA-77CBB6F9FDB8}.Debug|x64.Build.0 = Debug|x64
		{9EE818A3-0591-44C8-8ACA-77CBB6F9FDB8}.Debug|x86.ActiveCfg = Debug|Win32
		{9EE818A3-0591-44C8-8ACA-77CBB6F9FDB8}.Debug|x86.Build.0 = Debug|Win32
		{9EE818A3-0591-44C8-8ACA-77CBB6F9FDB8}.Release|x64.ActiveCfg = Release|x64
		{9EE818A3-0591-44C8-8ACA-77CBB6F9FDB8}.Release|x64.Build.0 = Release|x64
		{9EE818A3-0591-44C8-8ACA-77CBB6F9FDB8}.Release|x86.ActiveCfg = Release|Win32
		{9EE818A3-0591-44C8-8ACA-77CBB6F9FDB8}.Release|x86.Build.0 = Release|Win32
	EndGlobalSection
	GlobalSection(SolutionProperties) = preSolution
		HideSolutionNode = FALSE
	EndGlobalSection
	GlobalSection(ExtensibilityGlobals) = postSolution
		SolutionGuid = {3DF144FB-AB55-4844-B0E9-57061E04B001}
	EndGlobalSection
EndGlobal
