
Microsoft Visual Studio Solution File, Format Version 12.00
# Visual Studio Version 17
VisualStudioVersion = 17.2.32630.192
MinimumVisualStudioVersion = 10.0.40219.1
Project("{8BC9CEB8-8B4A-11D0-8D11-00A0C91BC942}") = "Baekjoon1463", "Baekjoon1463\Baekjoon1463.vcxproj", "{AF1BF2E3-1651-42E8-ABEF-FC87E43398D6}"
EndProject
Global
	GlobalSection(SolutionConfigurationPlatforms) = preSolution
		Debug|x64 = Debug|x64
		Debug|x86 = Debug|x86
		Release|x64 = Release|x64
		Release|x86 = Release|x86
	EndGlobalSection
	GlobalSection(ProjectConfigurationPlatforms) = postSolution
		{AF1BF2E3-1651-42E8-ABEF-FC87E43398D6}.Debug|x64.ActiveCfg = Debug|x64
		{AF1BF2E3-1651-42E8-ABEF-FC87E43398D6}.Debug|x64.Build.0 = Debug|x64
		{AF1BF2E3-1651-42E8-ABEF-FC87E43398D6}.Debug|x86.ActiveCfg = Debug|Win32
		{AF1BF2E3-1651-42E8-ABEF-FC87E43398D6}.Debug|x86.Build.0 = Debug|Win32
		{AF1BF2E3-1651-42E8-ABEF-FC87E43398D6}.Release|x64.ActiveCfg = Release|x64
		{AF1BF2E3-1651-42E8-ABEF-FC87E43398D6}.Release|x64.Build.0 = Release|x64
		{AF1BF2E3-1651-42E8-ABEF-FC87E43398D6}.Release|x86.ActiveCfg = Release|Win32
		{AF1BF2E3-1651-42E8-ABEF-FC87E43398D6}.Release|x86.Build.0 = Release|Win32
	EndGlobalSection
	GlobalSection(SolutionProperties) = preSolution
		HideSolutionNode = FALSE
	EndGlobalSection
	GlobalSection(ExtensibilityGlobals) = postSolution
		SolutionGuid = {FD500987-6F86-47E7-BAC7-1E34EA38570A}
	EndGlobalSection
EndGlobal
